
Microsoft Visual Studio Solution File, Format Version 12.00
# Visual Studio Version 17
VisualStudioVersion = 17.13.35818.85 d17.13
MinimumVisualStudioVersion = 10.0.40219.1
Project("{FAE04EC0-301F-11D3-BF4B-00C04F79EFBC}") = "Teste_Tecnico_Backend", "Teste_Tecnico_Backend.csproj", "{A10AD695-2FAD-477B-BBC7-975CE74E77B5}"
EndProject
Project("{FAE04EC0-301F-11D3-BF4B-00C04F79EFBC}") = "Comunicacao", "..\Comunicacao\Comunicacao.csproj", "{7C6089C1-A7DE-47DD-BF46-43495693D06A}"
EndProject
Project("{FAE04EC0-301F-11D3-BF4B-00C04F79EFBC}") = "Aplicacao", "..\Aplicacao\Aplicacao.csproj", "{B4D82A55-CB67-4A89-881F-793CBCCBDA9E}"
EndProject
Project("{FAE04EC0-301F-11D3-BF4B-00C04F79EFBC}") = "Dominio", "..\Dominio\Dominio.csproj", "{4C7FC5E9-8A32-4273-B939-6EADB6193A2E}"
EndProject
Project("{FAE04EC0-301F-11D3-BF4B-00C04F79EFBC}") = "InfraEstrutura", "..\InfraEstrutura\InfraEstrutura.csproj", "{2CA654E7-4C11-4612-9BEE-131BEF099A32}"
EndProject
Global
	GlobalSection(SolutionConfigurationPlatforms) = preSolution
		Debug|Any CPU = Debug|Any CPU
		Release|Any CPU = Release|Any CPU
	EndGlobalSection
	GlobalSection(ProjectConfigurationPlatforms) = postSolution
		{A10AD695-2FAD-477B-BBC7-975CE74E77B5}.Debug|Any CPU.ActiveCfg = Debug|Any CPU
		{A10AD695-2FAD-477B-BBC7-975CE74E77B5}.Debug|Any CPU.Build.0 = Debug|Any CPU
		{A10AD695-2FAD-477B-BBC7-975CE74E77B5}.Release|Any CPU.ActiveCfg = Release|Any CPU
		{A10AD695-2FAD-477B-BBC7-975CE74E77B5}.Release|Any CPU.Build.0 = Release|Any CPU
		{7C6089C1-A7DE-47DD-BF46-43495693D06A}.Debug|Any CPU.ActiveCfg = Debug|Any CPU
		{7C6089C1-A7DE-47DD-BF46-43495693D06A}.Debug|Any CPU.Build.0 = Debug|Any CPU
		{7C6089C1-A7DE-47DD-BF46-43495693D06A}.Release|Any CPU.ActiveCfg = Release|Any CPU
		{7C6089C1-A7DE-47DD-BF46-43495693D06A}.Release|Any CPU.Build.0 = Release|Any CPU
		{B4D82A55-CB67-4A89-881F-793CBCCBDA9E}.Debug|Any CPU.ActiveCfg = Debug|Any CPU
		{B4D82A55-CB67-4A89-881F-793CBCCBDA9E}.Debug|Any CPU.Build.0 = Debug|Any CPU
		{B4D82A55-CB67-4A89-881F-793CBCCBDA9E}.Release|Any CPU.ActiveCfg = Release|Any CPU
		{B4D82A55-CB67-4A89-881F-793CBCCBDA9E}.Release|Any CPU.Build.0 = Release|Any CPU
		{4C7FC5E9-8A32-4273-B939-6EADB6193A2E}.Debug|Any CPU.ActiveCfg = Debug|Any CPU
		{4C7FC5E9-8A32-4273-B939-6EADB6193A2E}.Debug|Any CPU.Build.0 = Debug|Any CPU
		{4C7FC5E9-8A32-4273-B939-6EADB6193A2E}.Release|Any CPU.ActiveCfg = Release|Any CPU
		{4C7FC5E9-8A32-4273-B939-6EADB6193A2E}.Release|Any CPU.Build.0 = Release|Any CPU
		{2CA654E7-4C11-4612-9BEE-131BEF099A32}.Debug|Any CPU.ActiveCfg = Debug|Any CPU
		{2CA654E7-4C11-4612-9BEE-131BEF099A32}.Debug|Any CPU.Build.0 = Debug|Any CPU
		{2CA654E7-4C11-4612-9BEE-131BEF099A32}.Release|Any CPU.ActiveCfg = Release|Any CPU
		{2CA654E7-4C11-4612-9BEE-131BEF099A32}.Release|Any CPU.Build.0 = Release|Any CPU
	EndGlobalSection
	GlobalSection(SolutionProperties) = preSolution
		HideSolutionNode = FALSE
	EndGlobalSection
	GlobalSection(ExtensibilityGlobals) = postSolution
		SolutionGuid = {81D722FF-03A9-42E0-B808-7215030E4FEF}
	EndGlobalSection
EndGlobal
